
Microsoft Visual Studio Solution File, Format Version 12.00
# Visual Studio Version 16
VisualStudioVersion = 16.0.34114.132
MinimumVisualStudioVersion = 10.0.40219.1
Project("{2150E333-8FDC-42A3-9474-1A3956D46DE8}") = "Task0", "Task0", "{2427E1A4-07E8-4264-BAC7-B3AD13EFE146}"
EndProject
Project("{FAE04EC0-301F-11D3-BF4B-00C04F79EFBC}") = "Tyuiu.SafronovSV.Sprint3.Task0.V13", "Tyuiu.SafronovSV.Sprint3.Task0.V13\Tyuiu.SafronovSV.Sprint3.Task0.V13.csproj", "{3E228A44-5370-4122-AF4A-D7D6D2651EDB}"
EndProject
Project("{FAE04EC0-301F-11D3-BF4B-00C04F79EFBC}") = "Tyuiu.SafronovSV.Sprint3.Task0.V13.Test", "Tyuiu.SafronovSV.Sprint3.Task0.V13.Test\Tyuiu.SafronovSV.Sprint3.Task0.V13.Test.csproj", "{01C0982D-78B2-4903-A460-505819E79A04}"
EndProject
Project("{FAE04EC0-301F-11D3-BF4B-00C04F79EFBC}") = "Tyuiu.SafronovSV.Sprint3.Task0.V13.Lib", "Tyuiu.SafronovSV.Sprint3.Task0.V13.Lib\Tyuiu.SafronovSV.Sprint3.Task0.V13.Lib.csproj", "{376BDC39-2BF0-42D0-B778-82403B98ACE5}"
EndProject
Project("{2150E333-8FDC-42A3-9474-1A3956D46DE8}") = "Task1", "Task1", "{84E91A26-38CF-4413-94F2-158F0789DDB7}"
EndProject
Project("{FAE04EC0-301F-11D3-BF4B-00C04F79EFBC}") = "Tyuiu.SafronovSV.Sprint3.Task1.V20", "Tyuiu.SafronovSV.Sprint3.Task1.V20\Tyuiu.SafronovSV.Sprint3.Task1.V20.csproj", "{4CD326DE-3358-40CC-A0C2-9D0E5690EFC7}"
EndProject
Project("{FAE04EC0-301F-11D3-BF4B-00C04F79EFBC}") = "Tyuiu.SafronovSV.Sprint3.Task1.V20.Lib", "Tyuiu.SafronovSV.Sprint3.Task1.V20.Lib\Tyuiu.SafronovSV.Sprint3.Task1.V20.Lib.csproj", "{93DEA293-25C8-44D9-B9DF-66D4A0120C1F}"
EndProject
Project("{FAE04EC0-301F-11D3-BF4B-00C04F79EFBC}") = "Tyuiu.SafronovSV.Sprint3.Task1.V20.Test", "Tyuiu.SafronovSV.Sprint3.Task1.V20.Test\Tyuiu.SafronovSV.Sprint3.Task1.V20.Test.csproj", "{F761B4B7-805C-44FB-B304-A7C00D620069}"
EndProject
Project("{2150E333-8FDC-42A3-9474-1A3956D46DE8}") = "Task2", "Task2", "{02F83172-1530-4C34-B845-AA4DF9314018}"
EndProject
Project("{FAE04EC0-301F-11D3-BF4B-00C04F79EFBC}") = "Tyuiu.SafronovSV.Sprint3.Task2.V23", "Tyuiu.SafronovSV.Sprint3.Task2.V23\Tyuiu.SafronovSV.Sprint3.Task2.V23.csproj", "{16D64E24-FF75-42A6-9D19-D381B8C81AB5}"
EndProject
Project("{FAE04EC0-301F-11D3-BF4B-00C04F79EFBC}") = "Tyuiu.SafronovSV.Sprint3.Task2.V23.Lib", "Tyuiu.SafronovSV.Sprint3.Task2.V23.Lib\Tyuiu.SafronovSV.Sprint3.Task2.V23.Lib.csproj", "{8E77C0B0-9269-413D-AA62-A20BF5F9A653}"
EndProject
Project("{FAE04EC0-301F-11D3-BF4B-00C04F79EFBC}") = "Tyuiu.SafronovSV.Sprint3.Task2.V23.Test", "Tyuiu.SafronovSV.Sprint3.Task2.V23.Test\Tyuiu.SafronovSV.Sprint3.Task2.V23.Test.csproj", "{0BEF48E4-EF9E-4093-AF5B-A0303B1D28B1}"
EndProject
Project("{2150E333-8FDC-42A3-9474-1A3956D46DE8}") = "Task3", "Task3", "{59A1B188-8374-4F8F-BEB6-EF1E3388AE49}"
EndProject
Project("{FAE04EC0-301F-11D3-BF4B-00C04F79EFBC}") = "Tyuiu.SafronovSV.Sprint3.Task3.V6", "Tyuiu.SafronovSV.Sprint3.Task3.V6\Tyuiu.SafronovSV.Sprint3.Task3.V6.csproj", "{E35C9BD5-9211-4D27-8A22-922407AA494B}"
EndProject
Project("{FAE04EC0-301F-11D3-BF4B-00C04F79EFBC}") = "Tyuiu.SafronovSV.Sprint3.Task3.V6.Test", "Tyuiu.SafronovSV.Sprint3.Task3.V6.Test\Tyuiu.SafronovSV.Sprint3.Task3.V6.Test.csproj", "{5F606014-7D22-44D3-A7CF-F04D8CC8BA80}"
EndProject
Project("{FAE04EC0-301F-11D3-BF4B-00C04F79EFBC}") = "Tyuiu.SafronovSV.Sprint3.Task3.V6.Lib", "Tyuiu.SafronovSV.Sprint3.Task3.V6.Lib\Tyuiu.SafronovSV.Sprint3.Task3.V6.Lib.csproj", "{74C7E938-2C47-4C15-B80C-D1702E55E988}"
EndProject
Project("{2150E333-8FDC-42A3-9474-1A3956D46DE8}") = "Task4", "Task4", "{F7D90893-4ECF-4737-9878-7C5ED528E8BC}"
EndProject
Project("{FAE04EC0-301F-11D3-BF4B-00C04F79EFBC}") = "Tyuiu.SafronovSV.Sprint3.Task4.V11", "Tyuiu.SafronovSV.Sprint3.Task4.V11\Tyuiu.SafronovSV.Sprint3.Task4.V11.csproj", "{165925E9-890C-41E5-94A2-23AAD85CF5E9}"
EndProject
Project("{FAE04EC0-301F-11D3-BF4B-00C04F79EFBC}") = "Tyuiu.SafronovSV.Sprint3.Task4.V11.Lib", "Tyuiu.SafronovSV.Sprint3.Task4.V11.Lib\Tyuiu.SafronovSV.Sprint3.Task4.V11.Lib.csproj", "{17451AEF-41CC-4A0D-8BDC-376FC52E3037}"
EndProject
Project("{FAE04EC0-301F-11D3-BF4B-00C04F79EFBC}") = "Tyuiu.SafronovSV.Sprint3.Task4.V11.Test", "Tyuiu.SafronovSV.Sprint3.Task4.V11.Test\Tyuiu.SafronovSV.Sprint3.Task4.V11.Test.csproj", "{913FFEF9-400F-4FD4-87EE-7A66642AA0A0}"
EndProject
Project("{2150E333-8FDC-42A3-9474-1A3956D46DE8}") = "Task5", "Task5", "{5B82F529-90A4-4CA6-B77C-24E6F9038A3B}"
EndProject
Project("{FAE04EC0-301F-11D3-BF4B-00C04F79EFBC}") = "Tyuiu.SafronovSV.Sprint3.Task5.V2", "Tyuiu.SafronovSV.Sprint3.Task5.V2\Tyuiu.SafronovSV.Sprint3.Task5.V2.csproj", "{98A0ACA9-F691-404A-8713-54B237B17453}"
EndProject
Project("{FAE04EC0-301F-11D3-BF4B-00C04F79EFBC}") = "Tyuiu.SafronovSV.Sprint3.Task5.V2.Lib", "Tyuiu.SafronovSV.Sprint3.Task5.V2.Lib\Tyuiu.SafronovSV.Sprint3.Task5.V2.Lib.csproj", "{B8E76EF6-2168-4629-85C4-C6575E782F71}"
EndProject
Project("{FAE04EC0-301F-11D3-BF4B-00C04F79EFBC}") = "Tyuiu.SafronovSV.Sprint3.Task5.V2.Test", "Tyuiu.SafronovSV.Sprint3.Task5.V2.Test\Tyuiu.SafronovSV.Sprint3.Task5.V2.Test.csproj", "{630CFB33-FA50-401D-BE8B-577A9C9623CD}"
EndProject
Project("{2150E333-8FDC-42A3-9474-1A3956D46DE8}") = "Task6", "Task6", "{32A1074E-C351-408D-BA24-9B3065CB19BE}"
EndProject
Project("{FAE04EC0-301F-11D3-BF4B-00C04F79EFBC}") = "Tyuiu.SafronovSV.Sprint3.Task6.V30", "Tyuiu.SafronovSV.Sprint3.Task6.V30\Tyuiu.SafronovSV.Sprint3.Task6.V30.csproj", "{19618360-4DDA-46F7-9764-CC236F08B2E9}"
EndProject
Project("{FAE04EC0-301F-11D3-BF4B-00C04F79EFBC}") = "Tyuiu.SafronovSV.Sprint3.Task6.V30.Lib", "Tyuiu.SafronovSV.Sprint3.Task6.V30.Lib\Tyuiu.SafronovSV.Sprint3.Task6.V30.Lib.csproj", "{7E63E528-2784-474D-968A-D11AA447E67D}"
EndProject
Project("{FAE04EC0-301F-11D3-BF4B-00C04F79EFBC}") = "Tyuiu.SafronovSV.Sprint3.Task6.V30.Test", "Tyuiu.SafronovSV.Sprint3.Task6.V30.Test\Tyuiu.SafronovSV.Sprint3.Task6.V30.Test.csproj", "{1DB38FE5-5E22-470A-8CB9-63716E522518}"
EndProject
Project("{2150E333-8FDC-42A3-9474-1A3956D46DE8}") = "Task7", "Task7", "{F4C684F0-5863-4CFA-9DF8-C921E845E10F}"
EndProject
Project("{FAE04EC0-301F-11D3-BF4B-00C04F79EFBC}") = "Tyuiu.SafronovSV.Sprint3.Task7.V26", "Tyuiu.SafronovSV.Sprint3.Task7.V26\Tyuiu.SafronovSV.Sprint3.Task7.V26.csproj", "{28077740-7ACB-4A00-8FC0-3A77677F7A70}"
EndProject
Project("{FAE04EC0-301F-11D3-BF4B-00C04F79EFBC}") = "Tyuiu.SafronovSV.Sprint3.Task7.V26.Lib", "Tyuiu.SafronovSV.Sprint3.Task7.V26.Lib\Tyuiu.SafronovSV.Sprint3.Task7.V26.Lib.csproj", "{A012C09E-994E-4C48-98BF-96072BBB92DF}"
EndProject
Project("{FAE04EC0-301F-11D3-BF4B-00C04F79EFBC}") = "Tyuiu.SafronovSV.Sprint3.Task7.V26.Test", "Tyuiu.SafronovSV.Sprint3.Task7.V26.Test\Tyuiu.SafronovSV.Sprint3.Task7.V26.Test.csproj", "{06198478-F60E-48C9-A85F-7519A8499DF1}"
EndProject
Global
	GlobalSection(SolutionConfigurationPlatforms) = preSolution
		Debug|Any CPU = Debug|Any CPU
		Release|Any CPU = Release|Any CPU
	EndGlobalSection
	GlobalSection(ProjectConfigurationPlatforms) = postSolution
		{3E228A44-5370-4122-AF4A-D7D6D2651EDB}.Debug|Any CPU.ActiveCfg = Debug|Any CPU
		{3E228A44-5370-4122-AF4A-D7D6D2651EDB}.Debug|Any CPU.Build.0 = Debug|Any CPU
		{3E228A44-5370-4122-AF4A-D7D6D2651EDB}.Release|Any CPU.ActiveCfg = Release|Any CPU
		{3E228A44-5370-4122-AF4A-D7D6D2651EDB}.Release|Any CPU.Build.0 = Release|Any CPU
		{01C0982D-78B2-4903-A460-505819E79A04}.Debug|Any CPU.ActiveCfg = Debug|Any CPU
		{01C0982D-78B2-4903-A460-505819E79A04}.Debug|Any CPU.Build.0 = Debug|Any CPU
		{01C0982D-78B2-4903-A460-505819E79A04}.Release|Any CPU.ActiveCfg = Release|Any CPU
		{01C0982D-78B2-4903-A460-505819E79A04}.Release|Any CPU.Build.0 = Release|Any CPU
		{376BDC39-2BF0-42D0-B778-82403B98ACE5}.Debug|Any CPU.ActiveCfg = Debug|Any CPU
		{376BDC39-2BF0-42D0-B778-82403B98ACE5}.Debug|Any CPU.Build.0 = Debug|Any CPU
		{376BDC39-2BF0-42D0-B778-82403B98ACE5}.Release|Any CPU.ActiveCfg = Release|Any CPU
		{376BDC39-2BF0-42D0-B778-82403B98ACE5}.Release|Any CPU.Build.0 = Release|Any CPU
		{4CD326DE-3358-40CC-A0C2-9D0E5690EFC7}.Debug|Any CPU.ActiveCfg = Debug|Any CPU
		{4CD326DE-3358-40CC-A0C2-9D0E5690EFC7}.Debug|Any CPU.Build.0 = Debug|Any CPU
		{4CD326DE-3358-40CC-A0C2-9D0E5690EFC7}.Release|Any CPU.ActiveCfg = Release|Any CPU
		{4CD326DE-3358-40CC-A0C2-9D0E5690EFC7}.Release|Any CPU.Build.0 = Release|Any CPU
		{93DEA293-25C8-44D9-B9DF-66D4A0120C1F}.Debug|Any CPU.ActiveCfg = Debug|Any CPU
		{93DEA293-25C8-44D9-B9DF-66D4A0120C1F}.Debug|Any CPU.Build.0 = Debug|Any CPU
		{93DEA293-25C8-44D9-B9DF-66D4A0120C1F}.Release|Any CPU.ActiveCfg = Release|Any CPU
		{93DEA293-25C8-44D9-B9DF-66D4A0120C1F}.Release|Any CPU.Build.0 = Release|Any CPU
		{F761B4B7-805C-44FB-B304-A7C00D620069}.Debug|Any CPU.ActiveCfg = Debug|Any CPU
		{F761B4B7-805C-44FB-B304-A7C00D620069}.Debug|Any CPU.Build.0 = Debug|Any CPU
		{F761B4B7-805C-44FB-B304-A7C00D620069}.Release|Any CPU.ActiveCfg = Release|Any CPU
		{F761B4B7-805C-44FB-B304-A7C00D620069}.Release|Any CPU.Build.0 = Release|Any CPU
		{16D64E24-FF75-42A6-9D19-D381B8C81AB5}.Debug|Any CPU.ActiveCfg = Debug|Any CPU
		{16D64E24-FF75-42A6-9D19-D381B8C81AB5}.Debug|Any CPU.Build.0 = Debug|Any CPU
		{16D64E24-FF75-42A6-9D19-D381B8C81AB5}.Release|Any CPU.ActiveCfg = Release|Any CPU
		{16D64E24-FF75-42A6-9D19-D381B8C81AB5}.Release|Any CPU.Build.0 = Release|Any CPU
		{8E77C0B0-9269-413D-AA62-A20BF5F9A653}.Debug|Any CPU.ActiveCfg = Debug|Any CPU
		{8E77C0B0-9269-413D-AA62-A20BF5F9A653}.Debug|Any CPU.Build.0 = Debug|Any CPU
		{8E77C0B0-9269-413D-AA62-A20BF5F9A653}.Release|Any CPU.ActiveCfg = Release|Any CPU
		{8E77C0B0-9269-413D-AA62-A20BF5F9A653}.Release|Any CPU.Build.0 = Release|Any CPU
		{0BEF48E4-EF9E-4093-AF5B-A0303B1D28B1}.Debug|Any CPU.ActiveCfg = Debug|Any CPU
		{0BEF48E4-EF9E-4093-AF5B-A0303B1D28B1}.Debug|Any CPU.Build.0 = Debug|Any CPU
		{0BEF48E4-EF9E-4093-AF5B-A0303B1D28B1}.Release|Any CPU.ActiveCfg = Release|Any CPU
		{0BEF48E4-EF9E-4093-AF5B-A0303B1D28B1}.Release|Any CPU.Build.0 = Release|Any CPU
		{E35C9BD5-9211-4D27-8A22-922407AA494B}.Debug|Any CPU.ActiveCfg = Debug|Any CPU
		{E35C9BD5-9211-4D27-8A22-922407AA494B}.Debug|Any CPU.Build.0 = Debug|Any CPU
		{E35C9BD5-9211-4D27-8A22-922407AA494B}.Release|Any CPU.ActiveCfg = Release|Any CPU
		{E35C9BD5-9211-4D27-8A22-922407AA494B}.Release|Any CPU.Build.0 = Release|Any CPU
		{5F606014-7D22-44D3-A7CF-F04D8CC8BA80}.Debug|Any CPU.ActiveCfg = Debug|Any CPU
		{5F606014-7D22-44D3-A7CF-F04D8CC8BA80}.Debug|Any CPU.Build.0 = Debug|Any CPU
		{5F606014-7D22-44D3-A7CF-F04D8CC8BA80}.Release|Any CPU.ActiveCfg = Release|Any CPU
		{5F606014-7D22-44D3-A7CF-F04D8CC8BA80}.Release|Any CPU.Build.0 = Release|Any CPU
		{74C7E938-2C47-4C15-B80C-D1702E55E988}.Debug|Any CPU.ActiveCfg = Debug|Any CPU
		{74C7E938-2C47-4C15-B80C-D1702E55E988}.Debug|Any CPU.Build.0 = Debug|Any CPU
		{74C7E938-2C47-4C15-B80C-D1702E55E988}.Release|Any CPU.ActiveCfg = Release|Any CPU
		{74C7E938-2C47-4C15-B80C-D1702E55E988}.Release|Any CPU.Build.0 = Release|Any CPU
		{165925E9-890C-41E5-94A2-23AAD85CF5E9}.Debug|Any CPU.ActiveCfg = Debug|Any CPU
		{165925E9-890C-41E5-94A2-23AAD85CF5E9}.Debug|Any CPU.Build.0 = Debug|Any CPU
		{165925E9-890C-41E5-94A2-23AAD85CF5E9}.Release|Any CPU.ActiveCfg = Release|Any CPU
		{165925E9-890C-41E5-94A2-23AAD85CF5E9}.Release|Any CPU.Build.0 = Release|Any CPU
		{17451AEF-41CC-4A0D-8BDC-376FC52E3037}.Debug|Any CPU.ActiveCfg = Debug|Any CPU
		{17451AEF-41CC-4A0D-8BDC-376FC52E3037}.Debug|Any CPU.Build.0 = Debug|Any CPU
		{17451AEF-41CC-4A0D-8BDC-376FC52E3037}.Release|Any CPU.ActiveCfg = Release|Any CPU
		{17451AEF-41CC-4A0D-8BDC-376FC52E3037}.Release|Any CPU.Build.0 = Release|Any CPU
		{913FFEF9-400F-4FD4-87EE-7A66642AA0A0}.Debug|Any CPU.ActiveCfg = Debug|Any CPU
		{913FFEF9-400F-4FD4-87EE-7A66642AA0A0}.Debug|Any CPU.Build.0 = Debug|Any CPU
		{913FFEF9-400F-4FD4-87EE-7A66642AA0A0}.Release|Any CPU.ActiveCfg = Release|Any CPU
		{913FFEF9-400F-4FD4-87EE-7A66642AA0A0}.Release|Any CPU.Build.0 = Release|Any CPU
		{98A0ACA9-F691-404A-8713-54B237B17453}.Debug|Any CPU.ActiveCfg = Debug|Any CPU
		{98A0ACA9-F691-404A-8713-54B237B17453}.Debug|Any CPU.Build.0 = Debug|Any CPU
		{98A0ACA9-F691-404A-8713-54B237B17453}.Release|Any CPU.ActiveCfg = Release|Any CPU
		{98A0ACA9-F691-404A-8713-54B237B17453}.Release|Any CPU.Build.0 = Release|Any CPU
		{B8E76EF6-2168-4629-85C4-C6575E782F71}.Debug|Any CPU.ActiveCfg = Debug|Any CPU
		{B8E76EF6-2168-4629-85C4-C6575E782F71}.Debug|Any CPU.Build.0 = Debug|Any CPU
		{B8E76EF6-2168-4629-85C4-C6575E782F71}.Release|Any CPU.ActiveCfg = Release|Any CPU
		{B8E76EF6-2168-4629-85C4-C6575E782F71}.Release|Any CPU.Build.0 = Release|Any CPU
		{630CFB33-FA50-401D-BE8B-577A9C9623CD}.Debug|Any CPU.ActiveCfg = Debug|Any CPU
		{630CFB33-FA50-401D-BE8B-577A9C9623CD}.Debug|Any CPU.Build.0 = Debug|Any CPU
		{630CFB33-FA50-401D-BE8B-577A9C9623CD}.Release|Any CPU.ActiveCfg = Release|Any CPU
		{630CFB33-FA50-401D-BE8B-577A9C9623CD}.Release|Any CPU.Build.0 = Release|Any CPU
		{19618360-4DDA-46F7-9764-CC236F08B2E9}.Debug|Any CPU.ActiveCfg = Debug|Any CPU
		{19618360-4DDA-46F7-9764-CC236F08B2E9}.Debug|Any CPU.Build.0 = Debug|Any CPU
		{19618360-4DDA-46F7-9764-CC236F08B2E9}.Release|Any CPU.ActiveCfg = Release|Any CPU
		{19618360-4DDA-46F7-9764-CC236F08B2E9}.Release|Any CPU.Build.0 = Release|Any CPU
		{7E63E528-2784-474D-968A-D11AA447E67D}.Debug|Any CPU.ActiveCfg = Debug|Any CPU
		{7E63E528-2784-474D-968A-D11AA447E67D}.Debug|Any CPU.Build.0 = Debug|Any CPU
		{7E63E528-2784-474D-968A-D11AA447E67D}.Release|Any CPU.ActiveCfg = Release|Any CPU
		{7E63E528-2784-474D-968A-D11AA447E67D}.Release|Any CPU.Build.0 = Release|Any CPU
		{1DB38FE5-5E22-470A-8CB9-63716E522518}.Debug|Any CPU.ActiveCfg = Debug|Any CPU
		{1DB38FE5-5E22-470A-8CB9-63716E522518}.Debug|Any CPU.Build.0 = Debug|Any CPU
		{1DB38FE5-5E22-470A-8CB9-63716E522518}.Release|Any CPU.ActiveCfg = Release|Any CPU
		{1DB38FE5-5E22-470A-8CB9-63716E522518}.Release|Any CPU.Build.0 = Release|Any CPU
		{28077740-7ACB-4A00-8FC0-3A77677F7A70}.Debug|Any CPU.ActiveCfg = Debug|Any CPU
		{28077740-7ACB-4A00-8FC0-3A77677F7A70}.Debug|Any CPU.Build.0 = Debug|Any CPU
		{28077740-7ACB-4A00-8FC0-3A77677F7A70}.Release|Any CPU.ActiveCfg = Release|Any CPU
		{28077740-7ACB-4A00-8FC0-3A77677F7A70}.Release|Any CPU.Build.0 = Release|Any CPU
		{A012C09E-994E-4C48-98BF-96072BBB92DF}.Debug|Any CPU.ActiveCfg = Debug|Any CPU
		{A012C09E-994E-4C48-98BF-96072BBB92DF}.Debug|Any CPU.Build.0 = Debug|Any CPU
		{A012C09E-994E-4C48-98BF-96072BBB92DF}.Release|Any CPU.ActiveCfg = Release|Any CPU
		{A012C09E-994E-4C48-98BF-96072BBB92DF}.Release|Any CPU.Build.0 = Release|Any CPU
		{06198478-F60E-48C9-A85F-7519A8499DF1}.Debug|Any CPU.ActiveCfg = Debug|Any CPU
		{06198478-F60E-48C9-A85F-7519A8499DF1}.Debug|Any CPU.Build.0 = Debug|Any CPU
		{06198478-F60E-48C9-A85F-7519A8499DF1}.Release|Any CPU.ActiveCfg = Release|Any CPU
		{06198478-F60E-48C9-A85F-7519A8499DF1}.Release|Any CPU.Build.0 = Release|Any CPU
	EndGlobalSection
	GlobalSection(SolutionProperties) = preSolution
		HideSolutionNode = FALSE
	EndGlobalSection
	GlobalSection(NestedProjects) = preSolution
		{3E228A44-5370-4122-AF4A-D7D6D2651EDB} = {2427E1A4-07E8-4264-BAC7-B3AD13EFE146}
		{01C0982D-78B2-4903-A460-505819E79A04} = {2427E1A4-07E8-4264-BAC7-B3AD13EFE146}
		{376BDC39-2BF0-42D0-B778-82403B98ACE5} = {2427E1A4-07E8-4264-BAC7-B3AD13EFE146}
		{4CD326DE-3358-40CC-A0C2-9D0E5690EFC7} = {84E91A26-38CF-4413-94F2-158F0789DDB7}
		{93DEA293-25C8-44D9-B9DF-66D4A0120C1F} = {84E91A26-38CF-4413-94F2-158F0789DDB7}
		{F761B4B7-805C-44FB-B304-A7C00D620069} = {84E91A26-38CF-4413-94F2-158F0789DDB7}
		{16D64E24-FF75-42A6-9D19-D381B8C81AB5} = {02F83172-1530-4C34-B845-AA4DF9314018}
		{8E77C0B0-9269-413D-AA62-A20BF5F9A653} = {02F83172-1530-4C34-B845-AA4DF9314018}
		{0BEF48E4-EF9E-4093-AF5B-A0303B1D28B1} = {02F83172-1530-4C34-B845-AA4DF9314018}
		{E35C9BD5-9211-4D27-8A22-922407AA494B} = {59A1B188-8374-4F8F-BEB6-EF1E3388AE49}
		{5F606014-7D22-44D3-A7CF-F04D8CC8BA80} = {59A1B188-8374-4F8F-BEB6-EF1E3388AE49}
		{74C7E938-2C47-4C15-B80C-D1702E55E988} = {59A1B188-8374-4F8F-BEB6-EF1E3388AE49}
		{165925E9-890C-41E5-94A2-23AAD85CF5E9} = {F7D90893-4ECF-4737-9878-7C5ED528E8BC}
		{17451AEF-41CC-4A0D-8BDC-376FC52E3037} = {F7D90893-4ECF-4737-9878-7C5ED528E8BC}
		{913FFEF9-400F-4FD4-87EE-7A66642AA0A0} = {F7D90893-4ECF-4737-9878-7C5ED528E8BC}
		{98A0ACA9-F691-404A-8713-54B237B17453} = {5B82F529-90A4-4CA6-B77C-24E6F9038A3B}
		{B8E76EF6-2168-4629-85C4-C6575E782F71} = {5B82F529-90A4-4CA6-B77C-24E6F9038A3B}
		{630CFB33-FA50-401D-BE8B-577A9C9623CD} = {5B82F529-90A4-4CA6-B77C-24E6F9038A3B}
		{19618360-4DDA-46F7-9764-CC236F08B2E9} = {32A1074E-C351-408D-BA24-9B3065CB19BE}
		{7E63E528-2784-474D-968A-D11AA447E67D} = {32A1074E-C351-408D-BA24-9B3065CB19BE}
		{1DB38FE5-5E22-470A-8CB9-63716E522518} = {32A1074E-C351-408D-BA24-9B3065CB19BE}
		{28077740-7ACB-4A00-8FC0-3A77677F7A70} = {F4C684F0-5863-4CFA-9DF8-C921E845E10F}
		{A012C09E-994E-4C48-98BF-96072BBB92DF} = {F4C684F0-5863-4CFA-9DF8-C921E845E10F}
		{06198478-F60E-48C9-A85F-7519A8499DF1} = {F4C684F0-5863-4CFA-9DF8-C921E845E10F}
	EndGlobalSection
	GlobalSection(ExtensibilityGlobals) = postSolution
		SolutionGuid = {BB319F39-9D72-4098-9C9B-D399B2FF5465}
	EndGlobalSection
EndGlobal
